
Microsoft Visual Studio Solution File, Format Version 12.00
# Visual Studio 2012
Project("{FAE04EC0-301F-11D3-BF4B-00C04F79EFBC}") = "GAPRunner", "..\GAPRunner\GAPRunner.csproj", "{704BD462-E076-4E03-AB68-FED701D15555}"
EndProject
Project("{FAE04EC0-301F-11D3-BF4B-00C04F79EFBC}") = "Sbn.Products.GAP.GAPService", "..\Sbn.Products.GAP.GAPService\Sbn.Products.GAP.GAPService.csproj", "{5FB30A67-8EF7-4F70-879C-9E0D0012420D}"
EndProject
Global
	GlobalSection(SolutionConfigurationPlatforms) = preSolution
		Debug|Any CPU = Debug|Any CPU
		Release|Any CPU = Release|Any CPU
	EndGlobalSection
	GlobalSection(ProjectConfigurationPlatforms) = postSolution
		{704BD462-E076-4E03-AB68-FED701D15555}.Debug|Any CPU.ActiveCfg = Debug|Any CPU
		{704BD462-E076-4E03-AB68-FED701D15555}.Debug|Any CPU.Build.0 = Debug|Any CPU
		{704BD462-E076-4E03-AB68-FED701D15555}.Release|Any CPU.ActiveCfg = Release|Any CPU
		{704BD462-E076-4E03-AB68-FED701D15555}.Release|Any CPU.Build.0 = Release|Any CPU
		{5FB30A67-8EF7-4F70-879C-9E0D0012420D}.Debug|Any CPU.ActiveCfg = Debug|Any CPU
		{5FB30A67-8EF7-4F70-879C-9E0D0012420D}.Debug|Any CPU.Build.0 = Debug|Any CPU
		{5FB30A67-8EF7-4F70-879C-9E0D0012420D}.Release|Any CPU.ActiveCfg = Release|Any CPU
		{5FB30A67-8EF7-4F70-879C-9E0D0012420D}.Release|Any CPU.Build.0 = Release|Any CPU
	EndGlobalSection
	GlobalSection(SolutionProperties) = preSolution
		HideSolutionNode = FALSE
	EndGlobalSection
EndGlobal
